
Microsoft Visual Studio Solution File, Format Version 12.00
# Visual Studio Version 17
VisualStudioVersion = 17.6.33829.357
MinimumVisualStudioVersion = 10.0.40219.1
Project("{FAE04EC0-301F-11D3-BF4B-00C04F79EFBC}") = "WebHost", "WebHost\WebHost.csproj", "{169A256E-5F2F-4DC8-B60C-20B5609CB290}"
EndProject
Global
	GlobalSection(SolutionConfigurationPlatforms) = preSolution
		Debug|Any CPU = Debug|Any CPU
		Release|Any CPU = Release|Any CPU
	EndGlobalSection
	GlobalSection(ProjectConfigurationPlatforms) = postSolution
		{169A256E-5F2F-4DC8-B60C-20B5609CB290}.Debug|Any CPU.ActiveCfg = Debug|Any CPU
		{169A256E-5F2F-4DC8-B60C-20B5609CB290}.Debug|Any CPU.Build.0 = Debug|Any CPU
		{169A256E-5F2F-4DC8-B60C-20B5609CB290}.Release|Any CPU.ActiveCfg = Release|Any CPU
		{169A256E-5F2F-4DC8-B60C-20B5609CB290}.Release|Any CPU.Build.0 = Release|Any CPU
	EndGlobalSection
	GlobalSection(SolutionProperties) = preSolution
		HideSolutionNode = FALSE
	EndGlobalSection
	GlobalSection(ExtensibilityGlobals) = postSolution
		SolutionGuid = {BFD16DDD-8340-43E8-8CA2-814EBEACA486}
	EndGlobalSection
EndGlobal
