
Microsoft Visual Studio Solution File, Format Version 12.00
# Visual Studio Version 17
VisualStudioVersion = 17.6.33829.357
MinimumVisualStudioVersion = 10.0.40219.1
Project("{FAE04EC0-301F-11D3-BF4B-00C04F79EFBC}") = "Common", "Common\Common.csproj", "{5B014BE0-B200-4C89-9D87-E8FD3EBD933F}"
EndProject
Project("{FAE04EC0-301F-11D3-BF4B-00C04F79EFBC}") = "HomeSTS", "HomeSTS\HomeSTS.csproj", "{AA16419A-7130-40D8-8FFB-475A8E540E0D}"
EndProject
Project("{FAE04EC0-301F-11D3-BF4B-00C04F79EFBC}") = "CalculatorService", "CalculatorService\CalculatorService.csproj", "{11F53198-16A0-4B21-98F5-A6D6D5040690}"
EndProject
Project("{FAE04EC0-301F-11D3-BF4B-00C04F79EFBC}") = "CalculatorServiceSTS", "CalculatorServiceSTS\CalculatorServiceSTS.csproj", "{C0941B42-B44D-4256-A809-A42D8079FBF3}"
EndProject
Project("{FAE04EC0-301F-11D3-BF4B-00C04F79EFBC}") = "CalculatorClient", "CalculatorClient\CalculatorClient.csproj", "{511BCE4E-4974-496A-97CB-EBE18ED1A5FB}"
EndProject
Global
	GlobalSection(SolutionConfigurationPlatforms) = preSolution
		Debug|Any CPU = Debug|Any CPU
		Release|Any CPU = Release|Any CPU
	EndGlobalSection
	GlobalSection(ProjectConfigurationPlatforms) = postSolution
		{5B014BE0-B200-4C89-9D87-E8FD3EBD933F}.Debug|Any CPU.ActiveCfg = Debug|Any CPU
		{5B014BE0-B200-4C89-9D87-E8FD3EBD933F}.Debug|Any CPU.Build.0 = Debug|Any CPU
		{5B014BE0-B200-4C89-9D87-E8FD3EBD933F}.Release|Any CPU.ActiveCfg = Release|Any CPU
		{5B014BE0-B200-4C89-9D87-E8FD3EBD933F}.Release|Any CPU.Build.0 = Release|Any CPU
		{AA16419A-7130-40D8-8FFB-475A8E540E0D}.Debug|Any CPU.ActiveCfg = Debug|Any CPU
		{AA16419A-7130-40D8-8FFB-475A8E540E0D}.Debug|Any CPU.Build.0 = Debug|Any CPU
		{AA16419A-7130-40D8-8FFB-475A8E540E0D}.Release|Any CPU.ActiveCfg = Release|Any CPU
		{AA16419A-7130-40D8-8FFB-475A8E540E0D}.Release|Any CPU.Build.0 = Release|Any CPU
		{11F53198-16A0-4B21-98F5-A6D6D5040690}.Debug|Any CPU.ActiveCfg = Debug|Any CPU
		{11F53198-16A0-4B21-98F5-A6D6D5040690}.Debug|Any CPU.Build.0 = Debug|Any CPU
		{11F53198-16A0-4B21-98F5-A6D6D5040690}.Release|Any CPU.ActiveCfg = Release|Any CPU
		{11F53198-16A0-4B21-98F5-A6D6D5040690}.Release|Any CPU.Build.0 = Release|Any CPU
		{C0941B42-B44D-4256-A809-A42D8079FBF3}.Debug|Any CPU.ActiveCfg = Debug|Any CPU
		{C0941B42-B44D-4256-A809-A42D8079FBF3}.Debug|Any CPU.Build.0 = Debug|Any CPU
		{C0941B42-B44D-4256-A809-A42D8079FBF3}.Release|Any CPU.ActiveCfg = Release|Any CPU
		{C0941B42-B44D-4256-A809-A42D8079FBF3}.Release|Any CPU.Build.0 = Release|Any CPU
		{511BCE4E-4974-496A-97CB-EBE18ED1A5FB}.Debug|Any CPU.ActiveCfg = Debug|Any CPU
		{511BCE4E-4974-496A-97CB-EBE18ED1A5FB}.Debug|Any CPU.Build.0 = Debug|Any CPU
		{511BCE4E-4974-496A-97CB-EBE18ED1A5FB}.Release|Any CPU.ActiveCfg = Release|Any CPU
		{511BCE4E-4974-496A-97CB-EBE18ED1A5FB}.Release|Any CPU.Build.0 = Release|Any CPU
	EndGlobalSection
	GlobalSection(SolutionProperties) = preSolution
		HideSolutionNode = FALSE
	EndGlobalSection
	GlobalSection(ExtensibilityGlobals) = postSolution
		SolutionGuid = {8C0E6135-33D6-4D09-ADDB-A5912A2C1303}
	EndGlobalSection
EndGlobal
