
Microsoft Visual Studio Solution File, Format Version 12.00
# Visual Studio Version 17
VisualStudioVersion = 17.6.33815.320
MinimumVisualStudioVersion = 10.0.40219.1
Project("{FAE04EC0-301F-11D3-BF4B-00C04F79EFBC}") = "WebHost", "WebHost\WebHost.csproj", "{BD9E5D50-38D2-4DD1-931E-357A21B69FFD}"
EndProject
Project("{9A19103F-16F7-4668-BE54-9A1E7A4F7556}") = "ClientApp", "ClientApp\ClientApp.csproj", "{9BF65339-5508-4EB6-A2C1-33A5763A7DC8}"
EndProject
Project("{FAE04EC0-301F-11D3-BF4B-00C04F79EFBC}") = "STS", "STS\STS.csproj", "{8423E294-DF1F-40C7-9F37-384EE2AE9F9C}"
EndProject
Global
	GlobalSection(SolutionConfigurationPlatforms) = preSolution
		Debug|Any CPU = Debug|Any CPU
		Release|Any CPU = Release|Any CPU
	EndGlobalSection
	GlobalSection(ProjectConfigurationPlatforms) = postSolution
		{BD9E5D50-38D2-4DD1-931E-357A21B69FFD}.Debug|Any CPU.ActiveCfg = Debug|Any CPU
		{BD9E5D50-38D2-4DD1-931E-357A21B69FFD}.Debug|Any CPU.Build.0 = Debug|Any CPU
		{BD9E5D50-38D2-4DD1-931E-357A21B69FFD}.Release|Any CPU.ActiveCfg = Release|Any CPU
		{BD9E5D50-38D2-4DD1-931E-357A21B69FFD}.Release|Any CPU.Build.0 = Release|Any CPU
		{9BF65339-5508-4EB6-A2C1-33A5763A7DC8}.Debug|Any CPU.ActiveCfg = Debug|Any CPU
		{9BF65339-5508-4EB6-A2C1-33A5763A7DC8}.Debug|Any CPU.Build.0 = Debug|Any CPU
		{9BF65339-5508-4EB6-A2C1-33A5763A7DC8}.Release|Any CPU.ActiveCfg = Release|Any CPU
		{9BF65339-5508-4EB6-A2C1-33A5763A7DC8}.Release|Any CPU.Build.0 = Release|Any CPU
		{8423E294-DF1F-40C7-9F37-384EE2AE9F9C}.Debug|Any CPU.ActiveCfg = Debug|Any CPU
		{8423E294-DF1F-40C7-9F37-384EE2AE9F9C}.Debug|Any CPU.Build.0 = Debug|Any CPU
		{8423E294-DF1F-40C7-9F37-384EE2AE9F9C}.Release|Any CPU.ActiveCfg = Release|Any CPU
		{8423E294-DF1F-40C7-9F37-384EE2AE9F9C}.Release|Any CPU.Build.0 = Release|Any CPU
	EndGlobalSection
	GlobalSection(SolutionProperties) = preSolution
		HideSolutionNode = FALSE
	EndGlobalSection
	GlobalSection(ExtensibilityGlobals) = postSolution
		SolutionGuid = {2195C4AA-A64E-4363-AA30-9F5E5440EDA2}
	EndGlobalSection
EndGlobal
