
Microsoft Visual Studio Solution File, Format Version 12.00
# Visual Studio Version 16
VisualStudioVersion = 16.0.33529.622
MinimumVisualStudioVersion = 10.0.40219.1
Project("{FAE04EC0-301F-11D3-BF4B-00C04F79EFBC}") = "WcfService", "WcfService\WcfService.csproj", "{A1616EBD-69BB-44B5-927F-D2B55BA53632}"
EndProject
Global
	GlobalSection(SolutionConfigurationPlatforms) = preSolution
		Debug|Any CPU = Debug|Any CPU
		Release|Any CPU = Release|Any CPU
	EndGlobalSection
	GlobalSection(ProjectConfigurationPlatforms) = postSolution
		{A1616EBD-69BB-44B5-927F-D2B55BA53632}.Debug|Any CPU.ActiveCfg = Debug|Any CPU
		{A1616EBD-69BB-44B5-927F-D2B55BA53632}.Debug|Any CPU.Build.0 = Debug|Any CPU
		{A1616EBD-69BB-44B5-927F-D2B55BA53632}.Release|Any CPU.ActiveCfg = Release|Any CPU
		{A1616EBD-69BB-44B5-927F-D2B55BA53632}.Release|Any CPU.Build.0 = Release|Any CPU
	EndGlobalSection
	GlobalSection(SolutionProperties) = preSolution
		HideSolutionNode = FALSE
	EndGlobalSection
	GlobalSection(ExtensibilityGlobals) = postSolution
		SolutionGuid = {1A657580-B263-4D19-8D70-8FEBBFA511D7}
	EndGlobalSection
EndGlobal
