
Microsoft Visual Studio Solution File, Format Version 12.00
# Visual Studio Version 17
VisualStudioVersion = 17.6.33815.320
MinimumVisualStudioVersion = 10.0.40219.1
Project("{FAE04EC0-301F-11D3-BF4B-00C04F79EFBC}") = "MyServiceCert", "MyServiceCert\MyServiceCert.csproj", "{A9F0DE34-FEE4-47CC-9F08-67D27361D624}"
EndProject
Project("{FAE04EC0-301F-11D3-BF4B-00C04F79EFBC}") = "WebHostCert", "WebHostCert\WebHostCert.csproj", "{2332FF63-ADF7-4B98-9443-C493FEE63FB5}"
EndProject
Global
	GlobalSection(SolutionConfigurationPlatforms) = preSolution
		Debug|Any CPU = Debug|Any CPU
		Release|Any CPU = Release|Any CPU
	EndGlobalSection
	GlobalSection(ProjectConfigurationPlatforms) = postSolution
		{A9F0DE34-FEE4-47CC-9F08-67D27361D624}.Debug|Any CPU.ActiveCfg = Debug|Any CPU
		{A9F0DE34-FEE4-47CC-9F08-67D27361D624}.Debug|Any CPU.Build.0 = Debug|Any CPU
		{A9F0DE34-FEE4-47CC-9F08-67D27361D624}.Release|Any CPU.ActiveCfg = Release|Any CPU
		{A9F0DE34-FEE4-47CC-9F08-67D27361D624}.Release|Any CPU.Build.0 = Release|Any CPU
		{2332FF63-ADF7-4B98-9443-C493FEE63FB5}.Debug|Any CPU.ActiveCfg = Debug|Any CPU
		{2332FF63-ADF7-4B98-9443-C493FEE63FB5}.Debug|Any CPU.Build.0 = Debug|Any CPU
		{2332FF63-ADF7-4B98-9443-C493FEE63FB5}.Release|Any CPU.ActiveCfg = Release|Any CPU
		{2332FF63-ADF7-4B98-9443-C493FEE63FB5}.Release|Any CPU.Build.0 = Release|Any CPU
	EndGlobalSection
	GlobalSection(SolutionProperties) = preSolution
		HideSolutionNode = FALSE
	EndGlobalSection
	GlobalSection(ExtensibilityGlobals) = postSolution
		SolutionGuid = {AC242D92-0D3A-4DF6-B0E3-4403779F7C91}
	EndGlobalSection
EndGlobal
